{
  "name": "selfcrypt",
  "version": "1.0.0",
  "lockfileVersion": 3,
  "requires": true,
  "packages": {
    "": {
      "name": "selfcrypt",
      "version": "1.0.0",
      "license": "ISC",
      "dependencies": {
        "qr": "0.5.3"
      },
      "bin": {
        "selfcrypt": "src/index.js"
      }
    },
    "node_modules/qr": {
      "version": "0.5.3",
      "resolved": "https://registry.npmjs.org/qr/-/qr-0.5.3.tgz",
      "integrity": "sha512-BSrGdNXa8z6PfEYWtvITV21mQ4asR4UCj38Fa3MUUoFAtYzFK/swEQXF+OeBuNbHPFfs3PzpZuK0BXizWXgFOQ==",
      "license": "(MIT OR Apache-2.0)",
      "engines": {
        "node": ">= 20.19.0"
      }
    }
  }
}
